
Microsoft Visual Studio Solution File, Format Version 12.00
# Visual Studio 15
VisualStudioVersion = 15.0.27703.2042
MinimumVisualStudioVersion = 10.0.40219.1
Project("{FAE04EC0-301F-11D3-BF4B-00C04F79EFBC}") = "StadiumIncome", "StadiumIncome\StadiumIncome.csproj", "{BA249651-BC98-4308-8B60-F702D307CB38}"
EndProject
Project("{FAE04EC0-301F-11D3-BF4B-00C04F79EFBC}") = "BeerAndChips", "BeerAndChips\BeerAndChips.csproj", "{DD9A5E5A-5D76-4F3C-BC1E-82724FDAA66C}"
EndProject
Project("{FAE04EC0-301F-11D3-BF4B-00C04F79EFBC}") = "GameStatistic", "GameStatistic\GameStatistic.csproj", "{73EE04B8-585C-4ADB-94B1-4E017626E7DC}"
EndProject
Project("{9A19103F-16F7-4668-BE54-9A1E7A4F7556}") = "BestPlayer", "BestPlayer\BestPlayer.csproj", "{8FE0DF49-B997-4F85-920C-AA039AAA16C5}"
EndProject
Project("{9A19103F-16F7-4668-BE54-9A1E7A4F7556}") = "FanShop", "FanShop\FanShop.csproj", "{178F0523-3A99-4BE9-AB85-E45FD09D4C1C}"
EndProject
Project("{9A19103F-16F7-4668-BE54-9A1E7A4F7556}") = "GameInfo", "GameInfo\GameInfo.csproj", "{01B9D96F-8175-40F4-8EFE-C7FB23704AFE}"
EndProject
Project("{9A19103F-16F7-4668-BE54-9A1E7A4F7556}") = "TripToWroldCup", "TripToWroldCup\TripToWroldCup.csproj", "{4BF7E320-32B5-406D-A26C-84781F181E14}"
EndProject
Project("{9A19103F-16F7-4668-BE54-9A1E7A4F7556}") = "FootbalKit", "FootbalKit\FootbalKit.csproj", "{9E2E64E0-F2C5-441C-891B-B594F765EE18}"
EndProject
Project("{FAE04EC0-301F-11D3-BF4B-00C04F79EFBC}") = "FootballSouvenirs", "FootballSouvenirs\FootballSouvenirs.csproj", "{9CCD021C-3190-4B28-B93A-5AB440F5C9C9}"
EndProject
Global
	GlobalSection(SolutionConfigurationPlatforms) = preSolution
		Debug|Any CPU = Debug|Any CPU
		Release|Any CPU = Release|Any CPU
	EndGlobalSection
	GlobalSection(ProjectConfigurationPlatforms) = postSolution
		{BA249651-BC98-4308-8B60-F702D307CB38}.Debug|Any CPU.ActiveCfg = Debug|Any CPU
		{BA249651-BC98-4308-8B60-F702D307CB38}.Debug|Any CPU.Build.0 = Debug|Any CPU
		{BA249651-BC98-4308-8B60-F702D307CB38}.Release|Any CPU.ActiveCfg = Release|Any CPU
		{BA249651-BC98-4308-8B60-F702D307CB38}.Release|Any CPU.Build.0 = Release|Any CPU
		{DD9A5E5A-5D76-4F3C-BC1E-82724FDAA66C}.Debug|Any CPU.ActiveCfg = Debug|Any CPU
		{DD9A5E5A-5D76-4F3C-BC1E-82724FDAA66C}.Debug|Any CPU.Build.0 = Debug|Any CPU
		{DD9A5E5A-5D76-4F3C-BC1E-82724FDAA66C}.Release|Any CPU.ActiveCfg = Release|Any CPU
		{DD9A5E5A-5D76-4F3C-BC1E-82724FDAA66C}.Release|Any CPU.Build.0 = Release|Any CPU
		{73EE04B8-585C-4ADB-94B1-4E017626E7DC}.Debug|Any CPU.ActiveCfg = Debug|Any CPU
		{73EE04B8-585C-4ADB-94B1-4E017626E7DC}.Debug|Any CPU.Build.0 = Debug|Any CPU
		{73EE04B8-585C-4ADB-94B1-4E017626E7DC}.Release|Any CPU.ActiveCfg = Release|Any CPU
		{73EE04B8-585C-4ADB-94B1-4E017626E7DC}.Release|Any CPU.Build.0 = Release|Any CPU
		{8FE0DF49-B997-4F85-920C-AA039AAA16C5}.Debug|Any CPU.ActiveCfg = Debug|Any CPU
		{8FE0DF49-B997-4F85-920C-AA039AAA16C5}.Debug|Any CPU.Build.0 = Debug|Any CPU
		{8FE0DF49-B997-4F85-920C-AA039AAA16C5}.Release|Any CPU.ActiveCfg = Release|Any CPU
		{8FE0DF49-B997-4F85-920C-AA039AAA16C5}.Release|Any CPU.Build.0 = Release|Any CPU
		{178F0523-3A99-4BE9-AB85-E45FD09D4C1C}.Debug|Any CPU.ActiveCfg = Debug|Any CPU
		{178F0523-3A99-4BE9-AB85-E45FD09D4C1C}.Debug|Any CPU.Build.0 = Debug|Any CPU
		{178F0523-3A99-4BE9-AB85-E45FD09D4C1C}.Release|Any CPU.ActiveCfg = Release|Any CPU
		{178F0523-3A99-4BE9-AB85-E45FD09D4C1C}.Release|Any CPU.Build.0 = Release|Any CPU
		{01B9D96F-8175-40F4-8EFE-C7FB23704AFE}.Debug|Any CPU.ActiveCfg = Debug|Any CPU
		{01B9D96F-8175-40F4-8EFE-C7FB23704AFE}.Debug|Any CPU.Build.0 = Debug|Any CPU
		{01B9D96F-8175-40F4-8EFE-C7FB23704AFE}.Release|Any CPU.ActiveCfg = Release|Any CPU
		{01B9D96F-8175-40F4-8EFE-C7FB23704AFE}.Release|Any CPU.Build.0 = Release|Any CPU
		{4BF7E320-32B5-406D-A26C-84781F181E14}.Debug|Any CPU.ActiveCfg = Debug|Any CPU
		{4BF7E320-32B5-406D-A26C-84781F181E14}.Debug|Any CPU.Build.0 = Debug|Any CPU
		{4BF7E320-32B5-406D-A26C-84781F181E14}.Release|Any CPU.ActiveCfg = Release|Any CPU
		{4BF7E320-32B5-406D-A26C-84781F181E14}.Release|Any CPU.Build.0 = Release|Any CPU
		{9E2E64E0-F2C5-441C-891B-B594F765EE18}.Debug|Any CPU.ActiveCfg = Debug|Any CPU
		{9E2E64E0-F2C5-441C-891B-B594F765EE18}.Debug|Any CPU.Build.0 = Debug|Any CPU
		{9E2E64E0-F2C5-441C-891B-B594F765EE18}.Release|Any CPU.ActiveCfg = Release|Any CPU
		{9E2E64E0-F2C5-441C-891B-B594F765EE18}.Release|Any CPU.Build.0 = Release|Any CPU
		{9CCD021C-3190-4B28-B93A-5AB440F5C9C9}.Debug|Any CPU.ActiveCfg = Debug|Any CPU
		{9CCD021C-3190-4B28-B93A-5AB440F5C9C9}.Debug|Any CPU.Build.0 = Debug|Any CPU
		{9CCD021C-3190-4B28-B93A-5AB440F5C9C9}.Release|Any CPU.ActiveCfg = Release|Any CPU
		{9CCD021C-3190-4B28-B93A-5AB440F5C9C9}.Release|Any CPU.Build.0 = Release|Any CPU
	EndGlobalSection
	GlobalSection(SolutionProperties) = preSolution
		HideSolutionNode = FALSE
	EndGlobalSection
	GlobalSection(ExtensibilityGlobals) = postSolution
		SolutionGuid = {EBDFC8F4-E391-4BB1-847E-2A27900877F4}
	EndGlobalSection
EndGlobal
