
Microsoft Visual Studio Solution File, Format Version 12.00
# Visual Studio 15
VisualStudioVersion = 15.0.27703.2042
MinimumVisualStudioVersion = 10.0.40219.1
Project("{FAE04EC0-301F-11D3-BF4B-00C04F79EFBC}") = "HelloSoftUni", "HelloSoftUni\HelloSoftUni.csproj", "{224AD278-B633-4BC3-B866-F820040F90AB}"
EndProject
Global
	GlobalSection(SolutionConfigurationPlatforms) = preSolution
		Debug|Any CPU = Debug|Any CPU
		Release|Any CPU = Release|Any CPU
	EndGlobalSection
	GlobalSection(ProjectConfigurationPlatforms) = postSolution
		{224AD278-B633-4BC3-B866-F820040F90AB}.Debug|Any CPU.ActiveCfg = Debug|Any CPU
		{224AD278-B633-4BC3-B866-F820040F90AB}.Debug|Any CPU.Build.0 = Debug|Any CPU
		{224AD278-B633-4BC3-B866-F820040F90AB}.Release|Any CPU.ActiveCfg = Release|Any CPU
		{224AD278-B633-4BC3-B866-F820040F90AB}.Release|Any CPU.Build.0 = Release|Any CPU
	EndGlobalSection
	GlobalSection(SolutionProperties) = preSolution
		HideSolutionNode = FALSE
	EndGlobalSection
	GlobalSection(ExtensibilityGlobals) = postSolution
		SolutionGuid = {49029FBB-F675-4059-9326-742EA6D938AB}
	EndGlobalSection
EndGlobal
